
Microsoft Visual Studio Solution File, Format Version 12.00
# Visual Studio 2013
VisualStudioVersion = 12.0.31101.0
MinimumVisualStudioVersion = 10.0.40219.1
Project("{FAE04EC0-301F-11D3-BF4B-00C04F79EFBC}") = "01 SeriesOfLetters", "SeriesOfLetters\01 SeriesOfLetters.csproj", "{3F131868-EB61-476D-BE79-28E9DFDCE340}"
EndProject
Project("{FAE04EC0-301F-11D3-BF4B-00C04F79EFBC}") = "02 ReplaceAtag", "ReplaceAtag\02 ReplaceAtag.csproj", "{0C261E96-FED7-45B9-84F0-F43ED8BAD466}"
EndProject
Project("{FAE04EC0-301F-11D3-BF4B-00C04F79EFBC}") = "03 ExtractEmails", "ExtractEmails\03 ExtractEmails.csproj", "{575E45FE-0877-418A-BD91-9D709DABF9BE}"
EndProject
Project("{FAE04EC0-301F-11D3-BF4B-00C04F79EFBC}") = "04 SentenceExtractor", "SentenceExtractor\04 SentenceExtractor.csproj", "{5F43890D-908C-4820-8D49-50FC2D9F21FF}"
EndProject
Project("{FAE04EC0-301F-11D3-BF4B-00C04F79EFBC}") = "05 ValidUsernames", "ValidUsernames\05 ValidUsernames.csproj", "{FBA9B745-8600-46B9-91F7-63AB7473D175}"
EndProject
Project("{FAE04EC0-301F-11D3-BF4B-00C04F79EFBC}") = "06 ExtractHyperlinks", "ExtractHyperlinks\06 ExtractHyperlinks.csproj", "{D3B58584-AD8D-4EE4-8A90-1D66F1DFC99C}"
EndProject
Project("{FAE04EC0-301F-11D3-BF4B-00C04F79EFBC}") = "07 QueryMess", "QueryMess\07 QueryMess.csproj", "{F942E9AE-324A-4472-A944-7322223DC1D3}"
EndProject
Project("{FAE04EC0-301F-11D3-BF4B-00C04F79EFBC}") = "08 UseYourChainsBuddy", "UseYourChainsBuddy\08 UseYourChainsBuddy.csproj", "{EA857E3B-93A2-4A45-9425-71BBD28E5BAF}"
EndProject
Project("{FAE04EC0-301F-11D3-BF4B-00C04F79EFBC}") = "09 SemanticHTML", "SemanticHTML\09 SemanticHTML.csproj", "{D7E41F53-6B62-4554-8CBF-49E96F4A4725}"
EndProject
Global
	GlobalSection(SolutionConfigurationPlatforms) = preSolution
		Debug|Any CPU = Debug|Any CPU
		Release|Any CPU = Release|Any CPU
	EndGlobalSection
	GlobalSection(ProjectConfigurationPlatforms) = postSolution
		{3F131868-EB61-476D-BE79-28E9DFDCE340}.Debug|Any CPU.ActiveCfg = Debug|Any CPU
		{3F131868-EB61-476D-BE79-28E9DFDCE340}.Debug|Any CPU.Build.0 = Debug|Any CPU
		{3F131868-EB61-476D-BE79-28E9DFDCE340}.Release|Any CPU.ActiveCfg = Release|Any CPU
		{3F131868-EB61-476D-BE79-28E9DFDCE340}.Release|Any CPU.Build.0 = Release|Any CPU
		{0C261E96-FED7-45B9-84F0-F43ED8BAD466}.Debug|Any CPU.ActiveCfg = Debug|Any CPU
		{0C261E96-FED7-45B9-84F0-F43ED8BAD466}.Debug|Any CPU.Build.0 = Debug|Any CPU
		{0C261E96-FED7-45B9-84F0-F43ED8BAD466}.Release|Any CPU.ActiveCfg = Release|Any CPU
		{0C261E96-FED7-45B9-84F0-F43ED8BAD466}.Release|Any CPU.Build.0 = Release|Any CPU
		{575E45FE-0877-418A-BD91-9D709DABF9BE}.Debug|Any CPU.ActiveCfg = Debug|Any CPU
		{575E45FE-0877-418A-BD91-9D709DABF9BE}.Debug|Any CPU.Build.0 = Debug|Any CPU
		{575E45FE-0877-418A-BD91-9D709DABF9BE}.Release|Any CPU.ActiveCfg = Release|Any CPU
		{575E45FE-0877-418A-BD91-9D709DABF9BE}.Release|Any CPU.Build.0 = Release|Any CPU
		{5F43890D-908C-4820-8D49-50FC2D9F21FF}.Debug|Any CPU.ActiveCfg = Debug|Any CPU
		{5F43890D-908C-4820-8D49-50FC2D9F21FF}.Debug|Any CPU.Build.0 = Debug|Any CPU
		{5F43890D-908C-4820-8D49-50FC2D9F21FF}.Release|Any CPU.ActiveCfg = Release|Any CPU
		{5F43890D-908C-4820-8D49-50FC2D9F21FF}.Release|Any CPU.Build.0 = Release|Any CPU
		{FBA9B745-8600-46B9-91F7-63AB7473D175}.Debug|Any CPU.ActiveCfg = Debug|Any CPU
		{FBA9B745-8600-46B9-91F7-63AB7473D175}.Debug|Any CPU.Build.0 = Debug|Any CPU
		{FBA9B745-8600-46B9-91F7-63AB7473D175}.Release|Any CPU.ActiveCfg = Release|Any CPU
		{FBA9B745-8600-46B9-91F7-63AB7473D175}.Release|Any CPU.Build.0 = Release|Any CPU
		{D3B58584-AD8D-4EE4-8A90-1D66F1DFC99C}.Debug|Any CPU.ActiveCfg = Debug|Any CPU
		{D3B58584-AD8D-4EE4-8A90-1D66F1DFC99C}.Debug|Any CPU.Build.0 = Debug|Any CPU
		{D3B58584-AD8D-4EE4-8A90-1D66F1DFC99C}.Release|Any CPU.ActiveCfg = Release|Any CPU
		{D3B58584-AD8D-4EE4-8A90-1D66F1DFC99C}.Release|Any CPU.Build.0 = Release|Any CPU
		{F942E9AE-324A-4472-A944-7322223DC1D3}.Debug|Any CPU.ActiveCfg = Debug|Any CPU
		{F942E9AE-324A-4472-A944-7322223DC1D3}.Debug|Any CPU.Build.0 = Debug|Any CPU
		{F942E9AE-324A-4472-A944-7322223DC1D3}.Release|Any CPU.ActiveCfg = Release|Any CPU
		{F942E9AE-324A-4472-A944-7322223DC1D3}.Release|Any CPU.Build.0 = Release|Any CPU
		{EA857E3B-93A2-4A45-9425-71BBD28E5BAF}.Debug|Any CPU.ActiveCfg = Debug|Any CPU
		{EA857E3B-93A2-4A45-9425-71BBD28E5BAF}.Debug|Any CPU.Build.0 = Debug|Any CPU
		{EA857E3B-93A2-4A45-9425-71BBD28E5BAF}.Release|Any CPU.ActiveCfg = Release|Any CPU
		{EA857E3B-93A2-4A45-9425-71BBD28E5BAF}.Release|Any CPU.Build.0 = Release|Any CPU
		{D7E41F53-6B62-4554-8CBF-49E96F4A4725}.Debug|Any CPU.ActiveCfg = Debug|Any CPU
		{D7E41F53-6B62-4554-8CBF-49E96F4A4725}.Debug|Any CPU.Build.0 = Debug|Any CPU
		{D7E41F53-6B62-4554-8CBF-49E96F4A4725}.Release|Any CPU.ActiveCfg = Release|Any CPU
		{D7E41F53-6B62-4554-8CBF-49E96F4A4725}.Release|Any CPU.Build.0 = Release|Any CPU
	EndGlobalSection
	GlobalSection(SolutionProperties) = preSolution
		HideSolutionNode = FALSE
	EndGlobalSection
EndGlobal
