
Microsoft Visual Studio Solution File, Format Version 12.00
# Visual Studio 2013
VisualStudioVersion = 12.0.31101.0
MinimumVisualStudioVersion = 10.0.40219.1
Project("{FAE04EC0-301F-11D3-BF4B-00C04F79EFBC}") = "01 DifferenceBetweenDates", "01 DifferenceBetweenDates\01 DifferenceBetweenDates.csproj", "{66FFD0DC-EFAB-448E-B57E-0263E5728BBB}"
EndProject
Project("{FAE04EC0-301F-11D3-BF4B-00C04F79EFBC}") = "02 SortingNumbers", "02 SortingNumbers\02 SortingNumbers.csproj", "{E5CBE689-B2AE-408E-B727-23772A85C295}"
EndProject
Project("{FAE04EC0-301F-11D3-BF4B-00C04F79EFBC}") = "03 LongestAreaInArray", "03 LongestAreaInArray\03 LongestAreaInArray.csproj", "{BF6A11F4-E9EA-48DF-87C8-13C0331685E9}"
EndProject
Project("{FAE04EC0-301F-11D3-BF4B-00C04F79EFBC}") = "04 MatrixOfPalindromes", "04 MatrixOfPalindromes\04 MatrixOfPalindromes.csproj", "{B79BE1CF-F156-4705-8B37-10E1FC2B4642}"
EndProject
Project("{FAE04EC0-301F-11D3-BF4B-00C04F79EFBC}") = "05 Longest-Non-Decreasing-Subsequence", "05 Longest-Non-Decreasing-Subsequence\05 Longest-Non-Decreasing-Subsequence.csproj", "{C6EC1B48-DF3C-44C8-A0F4-F6200C5CF6FA}"
EndProject
Project("{FAE04EC0-301F-11D3-BF4B-00C04F79EFBC}") = "06 RemoveNames", "06 RemoveNames\06 RemoveNames.csproj", "{A86851D8-489E-4148-A71D-2540371F2C63}"
EndProject
Project("{FAE04EC0-301F-11D3-BF4B-00C04F79EFBC}") = "07 JoinLists", "07 JoinLists\07 JoinLists.csproj", "{3E4ACDE0-6A9C-4CFE-89DE-7293326A409A}"
EndProject
Project("{FAE04EC0-301F-11D3-BF4B-00C04F79EFBC}") = "08 LongestWordInAText", "08 LongestWordInAText\08 LongestWordInAText.csproj", "{3BE70A44-7C23-4348-BE3E-A5AF02FF7160}"
EndProject
Project("{FAE04EC0-301F-11D3-BF4B-00C04F79EFBC}") = "09 ExtractURLsFromText", "09 ExtractURLsFromText\09 ExtractURLsFromText.csproj", "{FBB6853F-D37D-4367-B70D-E5F0D47891D4}"
EndProject
Project("{FAE04EC0-301F-11D3-BF4B-00C04F79EFBC}") = "10 InsideTheBuilding", "10 InsideTheBuilding\10 InsideTheBuilding.csproj", "{15A041EA-9CBB-441E-BB9D-A8577F789C77}"
EndProject
Project("{FAE04EC0-301F-11D3-BF4B-00C04F79EFBC}") = "11 StudentCables", "11 StudentCables\11 StudentCables.csproj", "{9C8FEF0C-9724-4542-99F6-92517941F484}"
EndProject
Project("{FAE04EC0-301F-11D3-BF4B-00C04F79EFBC}") = "12 ProgrammerDNA", "12 ProgrammerDNA\12 ProgrammerDNA.csproj", "{538D3E8E-21B3-4579-BE67-9344FB7FF124}"
EndProject
Project("{FAE04EC0-301F-11D3-BF4B-00C04F79EFBC}") = "13 Magic Car Numbers", "13 Magic Car Numbers\13 Magic Car Numbers.csproj", "{F513F552-F925-4701-B838-D27FADA0E15F}"
EndProject
Project("{FAE04EC0-301F-11D3-BF4B-00C04F79EFBC}") = "14 BitFlipper", "14 BitFlipper\14 BitFlipper.csproj", "{EB4820EA-1E3A-476E-AC21-B77A2C0F7BA3}"
EndProject
Global
	GlobalSection(SolutionConfigurationPlatforms) = preSolution
		Debug|Any CPU = Debug|Any CPU
		Release|Any CPU = Release|Any CPU
	EndGlobalSection
	GlobalSection(ProjectConfigurationPlatforms) = postSolution
		{66FFD0DC-EFAB-448E-B57E-0263E5728BBB}.Debug|Any CPU.ActiveCfg = Debug|Any CPU
		{66FFD0DC-EFAB-448E-B57E-0263E5728BBB}.Debug|Any CPU.Build.0 = Debug|Any CPU
		{66FFD0DC-EFAB-448E-B57E-0263E5728BBB}.Release|Any CPU.ActiveCfg = Release|Any CPU
		{66FFD0DC-EFAB-448E-B57E-0263E5728BBB}.Release|Any CPU.Build.0 = Release|Any CPU
		{E5CBE689-B2AE-408E-B727-23772A85C295}.Debug|Any CPU.ActiveCfg = Debug|Any CPU
		{E5CBE689-B2AE-408E-B727-23772A85C295}.Debug|Any CPU.Build.0 = Debug|Any CPU
		{E5CBE689-B2AE-408E-B727-23772A85C295}.Release|Any CPU.ActiveCfg = Release|Any CPU
		{E5CBE689-B2AE-408E-B727-23772A85C295}.Release|Any CPU.Build.0 = Release|Any CPU
		{BF6A11F4-E9EA-48DF-87C8-13C0331685E9}.Debug|Any CPU.ActiveCfg = Debug|Any CPU
		{BF6A11F4-E9EA-48DF-87C8-13C0331685E9}.Debug|Any CPU.Build.0 = Debug|Any CPU
		{BF6A11F4-E9EA-48DF-87C8-13C0331685E9}.Release|Any CPU.ActiveCfg = Release|Any CPU
		{BF6A11F4-E9EA-48DF-87C8-13C0331685E9}.Release|Any CPU.Build.0 = Release|Any CPU
		{B79BE1CF-F156-4705-8B37-10E1FC2B4642}.Debug|Any CPU.ActiveCfg = Debug|Any CPU
		{B79BE1CF-F156-4705-8B37-10E1FC2B4642}.Debug|Any CPU.Build.0 = Debug|Any CPU
		{B79BE1CF-F156-4705-8B37-10E1FC2B4642}.Release|Any CPU.ActiveCfg = Release|Any CPU
		{B79BE1CF-F156-4705-8B37-10E1FC2B4642}.Release|Any CPU.Build.0 = Release|Any CPU
		{C6EC1B48-DF3C-44C8-A0F4-F6200C5CF6FA}.Debug|Any CPU.ActiveCfg = Debug|Any CPU
		{C6EC1B48-DF3C-44C8-A0F4-F6200C5CF6FA}.Debug|Any CPU.Build.0 = Debug|Any CPU
		{C6EC1B48-DF3C-44C8-A0F4-F6200C5CF6FA}.Release|Any CPU.ActiveCfg = Release|Any CPU
		{C6EC1B48-DF3C-44C8-A0F4-F6200C5CF6FA}.Release|Any CPU.Build.0 = Release|Any CPU
		{A86851D8-489E-4148-A71D-2540371F2C63}.Debug|Any CPU.ActiveCfg = Debug|Any CPU
		{A86851D8-489E-4148-A71D-2540371F2C63}.Debug|Any CPU.Build.0 = Debug|Any CPU
		{A86851D8-489E-4148-A71D-2540371F2C63}.Release|Any CPU.ActiveCfg = Release|Any CPU
		{A86851D8-489E-4148-A71D-2540371F2C63}.Release|Any CPU.Build.0 = Release|Any CPU
		{3E4ACDE0-6A9C-4CFE-89DE-7293326A409A}.Debug|Any CPU.ActiveCfg = Debug|Any CPU
		{3E4ACDE0-6A9C-4CFE-89DE-7293326A409A}.Debug|Any CPU.Build.0 = Debug|Any CPU
		{3E4ACDE0-6A9C-4CFE-89DE-7293326A409A}.Release|Any CPU.ActiveCfg = Release|Any CPU
		{3E4ACDE0-6A9C-4CFE-89DE-7293326A409A}.Release|Any CPU.Build.0 = Release|Any CPU
		{3BE70A44-7C23-4348-BE3E-A5AF02FF7160}.Debug|Any CPU.ActiveCfg = Debug|Any CPU
		{3BE70A44-7C23-4348-BE3E-A5AF02FF7160}.Debug|Any CPU.Build.0 = Debug|Any CPU
		{3BE70A44-7C23-4348-BE3E-A5AF02FF7160}.Release|Any CPU.ActiveCfg = Release|Any CPU
		{3BE70A44-7C23-4348-BE3E-A5AF02FF7160}.Release|Any CPU.Build.0 = Release|Any CPU
		{FBB6853F-D37D-4367-B70D-E5F0D47891D4}.Debug|Any CPU.ActiveCfg = Debug|Any CPU
		{FBB6853F-D37D-4367-B70D-E5F0D47891D4}.Debug|Any CPU.Build.0 = Debug|Any CPU
		{FBB6853F-D37D-4367-B70D-E5F0D47891D4}.Release|Any CPU.ActiveCfg = Release|Any CPU
		{FBB6853F-D37D-4367-B70D-E5F0D47891D4}.Release|Any CPU.Build.0 = Release|Any CPU
		{15A041EA-9CBB-441E-BB9D-A8577F789C77}.Debug|Any CPU.ActiveCfg = Debug|Any CPU
		{15A041EA-9CBB-441E-BB9D-A8577F789C77}.Debug|Any CPU.Build.0 = Debug|Any CPU
		{15A041EA-9CBB-441E-BB9D-A8577F789C77}.Release|Any CPU.ActiveCfg = Release|Any CPU
		{15A041EA-9CBB-441E-BB9D-A8577F789C77}.Release|Any CPU.Build.0 = Release|Any CPU
		{9C8FEF0C-9724-4542-99F6-92517941F484}.Debug|Any CPU.ActiveCfg = Debug|Any CPU
		{9C8FEF0C-9724-4542-99F6-92517941F484}.Debug|Any CPU.Build.0 = Debug|Any CPU
		{9C8FEF0C-9724-4542-99F6-92517941F484}.Release|Any CPU.ActiveCfg = Release|Any CPU
		{9C8FEF0C-9724-4542-99F6-92517941F484}.Release|Any CPU.Build.0 = Release|Any CPU
		{538D3E8E-21B3-4579-BE67-9344FB7FF124}.Debug|Any CPU.ActiveCfg = Debug|Any CPU
		{538D3E8E-21B3-4579-BE67-9344FB7FF124}.Debug|Any CPU.Build.0 = Debug|Any CPU
		{538D3E8E-21B3-4579-BE67-9344FB7FF124}.Release|Any CPU.ActiveCfg = Release|Any CPU
		{538D3E8E-21B3-4579-BE67-9344FB7FF124}.Release|Any CPU.Build.0 = Release|Any CPU
		{F513F552-F925-4701-B838-D27FADA0E15F}.Debug|Any CPU.ActiveCfg = Debug|Any CPU
		{F513F552-F925-4701-B838-D27FADA0E15F}.Debug|Any CPU.Build.0 = Debug|Any CPU
		{F513F552-F925-4701-B838-D27FADA0E15F}.Release|Any CPU.ActiveCfg = Release|Any CPU
		{F513F552-F925-4701-B838-D27FADA0E15F}.Release|Any CPU.Build.0 = Release|Any CPU
		{EB4820EA-1E3A-476E-AC21-B77A2C0F7BA3}.Debug|Any CPU.ActiveCfg = Debug|Any CPU
		{EB4820EA-1E3A-476E-AC21-B77A2C0F7BA3}.Debug|Any CPU.Build.0 = Debug|Any CPU
		{EB4820EA-1E3A-476E-AC21-B77A2C0F7BA3}.Release|Any CPU.ActiveCfg = Release|Any CPU
		{EB4820EA-1E3A-476E-AC21-B77A2C0F7BA3}.Release|Any CPU.Build.0 = Release|Any CPU
	EndGlobalSection
	GlobalSection(SolutionProperties) = preSolution
		HideSolutionNode = FALSE
	EndGlobalSection
EndGlobal
