
Microsoft Visual Studio Solution File, Format Version 12.00
# Visual Studio 2013
VisualStudioVersion = 12.0.31101.0
MinimumVisualStudioVersion = 10.0.40219.1
Project("{FAE04EC0-301F-11D3-BF4B-00C04F79EFBC}") = "01 SquareRoot", "01 SquareRoot\01 SquareRoot.csproj", "{DA07052F-F432-4C34-881E-2F9D39FAEFA8}"
EndProject
Project("{FAE04EC0-301F-11D3-BF4B-00C04F79EFBC}") = "02 EnterNumbers", "02 EnterNumbers\02 EnterNumbers.csproj", "{17010630-4A50-4889-8C59-0C24E43F6244}"
EndProject
Global
	GlobalSection(SolutionConfigurationPlatforms) = preSolution
		Debug|Any CPU = Debug|Any CPU
		Release|Any CPU = Release|Any CPU
	EndGlobalSection
	GlobalSection(ProjectConfigurationPlatforms) = postSolution
		{DA07052F-F432-4C34-881E-2F9D39FAEFA8}.Debug|Any CPU.ActiveCfg = Debug|Any CPU
		{DA07052F-F432-4C34-881E-2F9D39FAEFA8}.Debug|Any CPU.Build.0 = Debug|Any CPU
		{DA07052F-F432-4C34-881E-2F9D39FAEFA8}.Release|Any CPU.ActiveCfg = Release|Any CPU
		{DA07052F-F432-4C34-881E-2F9D39FAEFA8}.Release|Any CPU.Build.0 = Release|Any CPU
		{17010630-4A50-4889-8C59-0C24E43F6244}.Debug|Any CPU.ActiveCfg = Debug|Any CPU
		{17010630-4A50-4889-8C59-0C24E43F6244}.Debug|Any CPU.Build.0 = Debug|Any CPU
		{17010630-4A50-4889-8C59-0C24E43F6244}.Release|Any CPU.ActiveCfg = Release|Any CPU
		{17010630-4A50-4889-8C59-0C24E43F6244}.Release|Any CPU.Build.0 = Release|Any CPU
	EndGlobalSection
	GlobalSection(SolutionProperties) = preSolution
		HideSolutionNode = FALSE
	EndGlobalSection
EndGlobal
