
Microsoft Visual Studio Solution File, Format Version 12.00
# Visual Studio 2013
VisualStudioVersion = 12.0.31101.0
MinimumVisualStudioVersion = 10.0.40219.1
Project("{FAE04EC0-301F-11D3-BF4B-00C04F79EFBC}") = "01 DeclareVariables", "DeclareVariables\01 DeclareVariables.csproj", "{D51EE762-877F-4E6A-AD4D-F9D99B264C22}"
EndProject
Project("{FAE04EC0-301F-11D3-BF4B-00C04F79EFBC}") = "02 FloatOrDouble", "FloatOrDouble\02 FloatOrDouble.csproj", "{7BF21EC6-CF7B-420D-8AEF-0874F7E2D082}"
EndProject
Project("{FAE04EC0-301F-11D3-BF4B-00C04F79EFBC}") = "03 VariableHexadecimalFormat", "VariableHexadecimalFormat\03 VariableHexadecimalFormat.csproj", "{E4A7D03D-A4E7-4525-9A6D-741D2DB7C3DB}"
EndProject
Project("{FAE04EC0-301F-11D3-BF4B-00C04F79EFBC}") = "07 QuotesInStrings", "QuotesInStrings\07 QuotesInStrings.csproj", "{91BAE267-EA9A-4FC3-A7DE-F7BF2C9E6825}"
EndProject
Project("{FAE04EC0-301F-11D3-BF4B-00C04F79EFBC}") = "09 ExchangeVariableValues", "ExchangeVariableValues\09 ExchangeVariableValues.csproj", "{2DFE123C-E181-44DF-BF46-81B24DCF5D69}"
EndProject
Project("{FAE04EC0-301F-11D3-BF4B-00C04F79EFBC}") = "10 EmployeeData", "EmployeeData\10 EmployeeData.csproj", "{F8573414-489D-4A79-9E74-16AFC806AD00}"
EndProject
Project("{FAE04EC0-301F-11D3-BF4B-00C04F79EFBC}") = "11 BankAccountData", "BankAccountData\11 BankAccountData.csproj", "{70B4AE49-01EC-4AF1-BCD1-C9D083F5AD28}"
EndProject
Project("{FAE04EC0-301F-11D3-BF4B-00C04F79EFBC}") = "12 NullValuesArithmetic", "NullValuesArithmetic\12 NullValuesArithmetic.csproj", "{5319BEC2-3072-495C-BF2A-53D67121CED6}"
EndProject
Project("{FAE04EC0-301F-11D3-BF4B-00C04F79EFBC}") = "13 ComparingFloats", "ComparingFloats\13 ComparingFloats.csproj", "{BA8D0E68-0B1D-40BE-804A-F6B4AB0B8AFA}"
EndProject
Project("{FAE04EC0-301F-11D3-BF4B-00C04F79EFBC}") = "14 PrintASCIITable", "PrintASCIITable\14 PrintASCIITable.csproj", "{285591D5-F49F-49A6-8DF4-4A821FD36239}"
EndProject
Project("{FAE04EC0-301F-11D3-BF4B-00C04F79EFBC}") = "15 JoroTheFootballPlayer", "Joro\15 JoroTheFootballPlayer.csproj", "{A9C33B95-028F-4AC1-A383-8E2655C78A29}"
EndProject
Project("{FAE04EC0-301F-11D3-BF4B-00C04F79EFBC}") = "16 HalfSum", "HalfSum\16 HalfSum.csproj", "{2543B074-FA37-4C22-AE6D-AA755206846C}"
EndProject
Project("{FAE04EC0-301F-11D3-BF4B-00C04F79EFBC}") = "17 Sunglasses", "Sunglasses\17 Sunglasses.csproj", "{AEA3F6CE-8003-4C97-8564-3A49EA018ECD}"
EndProject
Project("{FAE04EC0-301F-11D3-BF4B-00C04F79EFBC}") = "18 NineDigitMagicNumbers", "NineDigitMagicNumbers\18 NineDigitMagicNumbers.csproj", "{47B82CC4-00B4-42C1-8EB1-4832DA64DED6}"
EndProject
Project("{FAE04EC0-301F-11D3-BF4B-00C04F79EFBC}") = "04 UnicodeCharacter", "UnicodeCharacter\04 UnicodeCharacter.csproj", "{6F71E5E9-E832-4BFC-9B2D-84EE15BC3AFC}"
EndProject
Project("{FAE04EC0-301F-11D3-BF4B-00C04F79EFBC}") = "05 BooleanVariable", "BooleanVariable\05 BooleanVariable.csproj", "{FE167B07-AF4D-4806-9B7F-C729B6721CDE}"
EndProject
Project("{FAE04EC0-301F-11D3-BF4B-00C04F79EFBC}") = "06 StringsAndObjects", "StringsAndObjects\06 StringsAndObjects.csproj", "{56781DF2-41FA-45A4-850E-FA9E99C4E81F}"
EndProject
Project("{FAE04EC0-301F-11D3-BF4B-00C04F79EFBC}") = "08 IsoscelesTriangle", "IsoscelesTriangle\08 IsoscelesTriangle.csproj", "{975B51E2-2AC0-4610-AB86-587374315BBC}"
EndProject
Project("{FAE04EC0-301F-11D3-BF4B-00C04F79EFBC}") = "19 BitsInverter", "BitsInverter\19 BitsInverter.csproj", "{055C52B2-41C9-4D14-AF26-C466447BAD79}"
EndProject
Global
	GlobalSection(SolutionConfigurationPlatforms) = preSolution
		Debug|Any CPU = Debug|Any CPU
		Release|Any CPU = Release|Any CPU
	EndGlobalSection
	GlobalSection(ProjectConfigurationPlatforms) = postSolution
		{D51EE762-877F-4E6A-AD4D-F9D99B264C22}.Debug|Any CPU.ActiveCfg = Debug|Any CPU
		{D51EE762-877F-4E6A-AD4D-F9D99B264C22}.Debug|Any CPU.Build.0 = Debug|Any CPU
		{D51EE762-877F-4E6A-AD4D-F9D99B264C22}.Release|Any CPU.ActiveCfg = Release|Any CPU
		{D51EE762-877F-4E6A-AD4D-F9D99B264C22}.Release|Any CPU.Build.0 = Release|Any CPU
		{7BF21EC6-CF7B-420D-8AEF-0874F7E2D082}.Debug|Any CPU.ActiveCfg = Debug|Any CPU
		{7BF21EC6-CF7B-420D-8AEF-0874F7E2D082}.Debug|Any CPU.Build.0 = Debug|Any CPU
		{7BF21EC6-CF7B-420D-8AEF-0874F7E2D082}.Release|Any CPU.ActiveCfg = Release|Any CPU
		{7BF21EC6-CF7B-420D-8AEF-0874F7E2D082}.Release|Any CPU.Build.0 = Release|Any CPU
		{E4A7D03D-A4E7-4525-9A6D-741D2DB7C3DB}.Debug|Any CPU.ActiveCfg = Debug|Any CPU
		{E4A7D03D-A4E7-4525-9A6D-741D2DB7C3DB}.Debug|Any CPU.Build.0 = Debug|Any CPU
		{E4A7D03D-A4E7-4525-9A6D-741D2DB7C3DB}.Release|Any CPU.ActiveCfg = Release|Any CPU
		{E4A7D03D-A4E7-4525-9A6D-741D2DB7C3DB}.Release|Any CPU.Build.0 = Release|Any CPU
		{91BAE267-EA9A-4FC3-A7DE-F7BF2C9E6825}.Debug|Any CPU.ActiveCfg = Debug|Any CPU
		{91BAE267-EA9A-4FC3-A7DE-F7BF2C9E6825}.Debug|Any CPU.Build.0 = Debug|Any CPU
		{91BAE267-EA9A-4FC3-A7DE-F7BF2C9E6825}.Release|Any CPU.ActiveCfg = Release|Any CPU
		{91BAE267-EA9A-4FC3-A7DE-F7BF2C9E6825}.Release|Any CPU.Build.0 = Release|Any CPU
		{2DFE123C-E181-44DF-BF46-81B24DCF5D69}.Debug|Any CPU.ActiveCfg = Debug|Any CPU
		{2DFE123C-E181-44DF-BF46-81B24DCF5D69}.Debug|Any CPU.Build.0 = Debug|Any CPU
		{2DFE123C-E181-44DF-BF46-81B24DCF5D69}.Release|Any CPU.ActiveCfg = Release|Any CPU
		{2DFE123C-E181-44DF-BF46-81B24DCF5D69}.Release|Any CPU.Build.0 = Release|Any CPU
		{F8573414-489D-4A79-9E74-16AFC806AD00}.Debug|Any CPU.ActiveCfg = Debug|Any CPU
		{F8573414-489D-4A79-9E74-16AFC806AD00}.Debug|Any CPU.Build.0 = Debug|Any CPU
		{F8573414-489D-4A79-9E74-16AFC806AD00}.Release|Any CPU.ActiveCfg = Release|Any CPU
		{F8573414-489D-4A79-9E74-16AFC806AD00}.Release|Any CPU.Build.0 = Release|Any CPU
		{70B4AE49-01EC-4AF1-BCD1-C9D083F5AD28}.Debug|Any CPU.ActiveCfg = Debug|Any CPU
		{70B4AE49-01EC-4AF1-BCD1-C9D083F5AD28}.Debug|Any CPU.Build.0 = Debug|Any CPU
		{70B4AE49-01EC-4AF1-BCD1-C9D083F5AD28}.Release|Any CPU.ActiveCfg = Release|Any CPU
		{70B4AE49-01EC-4AF1-BCD1-C9D083F5AD28}.Release|Any CPU.Build.0 = Release|Any CPU
		{5319BEC2-3072-495C-BF2A-53D67121CED6}.Debug|Any CPU.ActiveCfg = Debug|Any CPU
		{5319BEC2-3072-495C-BF2A-53D67121CED6}.Debug|Any CPU.Build.0 = Debug|Any CPU
		{5319BEC2-3072-495C-BF2A-53D67121CED6}.Release|Any CPU.ActiveCfg = Release|Any CPU
		{5319BEC2-3072-495C-BF2A-53D67121CED6}.Release|Any CPU.Build.0 = Release|Any CPU
		{BA8D0E68-0B1D-40BE-804A-F6B4AB0B8AFA}.Debug|Any CPU.ActiveCfg = Debug|Any CPU
		{BA8D0E68-0B1D-40BE-804A-F6B4AB0B8AFA}.Debug|Any CPU.Build.0 = Debug|Any CPU
		{BA8D0E68-0B1D-40BE-804A-F6B4AB0B8AFA}.Release|Any CPU.ActiveCfg = Release|Any CPU
		{BA8D0E68-0B1D-40BE-804A-F6B4AB0B8AFA}.Release|Any CPU.Build.0 = Release|Any CPU
		{285591D5-F49F-49A6-8DF4-4A821FD36239}.Debug|Any CPU.ActiveCfg = Debug|Any CPU
		{285591D5-F49F-49A6-8DF4-4A821FD36239}.Debug|Any CPU.Build.0 = Debug|Any CPU
		{285591D5-F49F-49A6-8DF4-4A821FD36239}.Release|Any CPU.ActiveCfg = Release|Any CPU
		{285591D5-F49F-49A6-8DF4-4A821FD36239}.Release|Any CPU.Build.0 = Release|Any CPU
		{A9C33B95-028F-4AC1-A383-8E2655C78A29}.Debug|Any CPU.ActiveCfg = Debug|Any CPU
		{A9C33B95-028F-4AC1-A383-8E2655C78A29}.Debug|Any CPU.Build.0 = Debug|Any CPU
		{A9C33B95-028F-4AC1-A383-8E2655C78A29}.Release|Any CPU.ActiveCfg = Release|Any CPU
		{A9C33B95-028F-4AC1-A383-8E2655C78A29}.Release|Any CPU.Build.0 = Release|Any CPU
		{2543B074-FA37-4C22-AE6D-AA755206846C}.Debug|Any CPU.ActiveCfg = Debug|Any CPU
		{2543B074-FA37-4C22-AE6D-AA755206846C}.Debug|Any CPU.Build.0 = Debug|Any CPU
		{2543B074-FA37-4C22-AE6D-AA755206846C}.Release|Any CPU.ActiveCfg = Release|Any CPU
		{2543B074-FA37-4C22-AE6D-AA755206846C}.Release|Any CPU.Build.0 = Release|Any CPU
		{AEA3F6CE-8003-4C97-8564-3A49EA018ECD}.Debug|Any CPU.ActiveCfg = Debug|Any CPU
		{AEA3F6CE-8003-4C97-8564-3A49EA018ECD}.Debug|Any CPU.Build.0 = Debug|Any CPU
		{AEA3F6CE-8003-4C97-8564-3A49EA018ECD}.Release|Any CPU.ActiveCfg = Release|Any CPU
		{AEA3F6CE-8003-4C97-8564-3A49EA018ECD}.Release|Any CPU.Build.0 = Release|Any CPU
		{47B82CC4-00B4-42C1-8EB1-4832DA64DED6}.Debug|Any CPU.ActiveCfg = Debug|Any CPU
		{47B82CC4-00B4-42C1-8EB1-4832DA64DED6}.Debug|Any CPU.Build.0 = Debug|Any CPU
		{47B82CC4-00B4-42C1-8EB1-4832DA64DED6}.Release|Any CPU.ActiveCfg = Release|Any CPU
		{47B82CC4-00B4-42C1-8EB1-4832DA64DED6}.Release|Any CPU.Build.0 = Release|Any CPU
		{6F71E5E9-E832-4BFC-9B2D-84EE15BC3AFC}.Debug|Any CPU.ActiveCfg = Debug|Any CPU
		{6F71E5E9-E832-4BFC-9B2D-84EE15BC3AFC}.Debug|Any CPU.Build.0 = Debug|Any CPU
		{6F71E5E9-E832-4BFC-9B2D-84EE15BC3AFC}.Release|Any CPU.ActiveCfg = Release|Any CPU
		{6F71E5E9-E832-4BFC-9B2D-84EE15BC3AFC}.Release|Any CPU.Build.0 = Release|Any CPU
		{FE167B07-AF4D-4806-9B7F-C729B6721CDE}.Debug|Any CPU.ActiveCfg = Debug|Any CPU
		{FE167B07-AF4D-4806-9B7F-C729B6721CDE}.Debug|Any CPU.Build.0 = Debug|Any CPU
		{FE167B07-AF4D-4806-9B7F-C729B6721CDE}.Release|Any CPU.ActiveCfg = Release|Any CPU
		{FE167B07-AF4D-4806-9B7F-C729B6721CDE}.Release|Any CPU.Build.0 = Release|Any CPU
		{56781DF2-41FA-45A4-850E-FA9E99C4E81F}.Debug|Any CPU.ActiveCfg = Debug|Any CPU
		{56781DF2-41FA-45A4-850E-FA9E99C4E81F}.Debug|Any CPU.Build.0 = Debug|Any CPU
		{56781DF2-41FA-45A4-850E-FA9E99C4E81F}.Release|Any CPU.ActiveCfg = Release|Any CPU
		{56781DF2-41FA-45A4-850E-FA9E99C4E81F}.Release|Any CPU.Build.0 = Release|Any CPU
		{975B51E2-2AC0-4610-AB86-587374315BBC}.Debug|Any CPU.ActiveCfg = Debug|Any CPU
		{975B51E2-2AC0-4610-AB86-587374315BBC}.Debug|Any CPU.Build.0 = Debug|Any CPU
		{975B51E2-2AC0-4610-AB86-587374315BBC}.Release|Any CPU.ActiveCfg = Release|Any CPU
		{975B51E2-2AC0-4610-AB86-587374315BBC}.Release|Any CPU.Build.0 = Release|Any CPU
		{055C52B2-41C9-4D14-AF26-C466447BAD79}.Debug|Any CPU.ActiveCfg = Debug|Any CPU
		{055C52B2-41C9-4D14-AF26-C466447BAD79}.Debug|Any CPU.Build.0 = Debug|Any CPU
		{055C52B2-41C9-4D14-AF26-C466447BAD79}.Release|Any CPU.ActiveCfg = Release|Any CPU
		{055C52B2-41C9-4D14-AF26-C466447BAD79}.Release|Any CPU.Build.0 = Release|Any CPU
	EndGlobalSection
	GlobalSection(SolutionProperties) = preSolution
		HideSolutionNode = FALSE
	EndGlobalSection
EndGlobal
